
Microsoft Visual Studio Solution File, Format Version 12.00
# Visual Studio Version 17
VisualStudioVersion = 17.4.33213.308
MinimumVisualStudioVersion = 10.0.40219.1
Project("{FAE04EC0-301F-11D3-BF4B-00C04F79EFBC}") = "CRM", "CRM.csproj", "{ECF53BD4-A7C3-4FAA-BD6A-0C3E45F5769B}"
EndProject
Global
	GlobalSection(SolutionConfigurationPlatforms) = preSolution
		Debug|Any CPU = Debug|Any CPU
		Release|Any CPU = Release|Any CPU
	EndGlobalSection
	GlobalSection(ProjectConfigurationPlatforms) = postSolution
		{ECF53BD4-A7C3-4FAA-BD6A-0C3E45F5769B}.Debug|Any CPU.ActiveCfg = Debug|Any CPU
		{ECF53BD4-A7C3-4FAA-BD6A-0C3E45F5769B}.Debug|Any CPU.Build.0 = Debug|Any CPU
		{ECF53BD4-A7C3-4FAA-BD6A-0C3E45F5769B}.Release|Any CPU.ActiveCfg = Release|Any CPU
		{ECF53BD4-A7C3-4FAA-BD6A-0C3E45F5769B}.Release|Any CPU.Build.0 = Release|Any CPU
	EndGlobalSection
	GlobalSection(SolutionProperties) = preSolution
		HideSolutionNode = FALSE
	EndGlobalSection
	GlobalSection(ExtensibilityGlobals) = postSolution
		SolutionGuid = {B4291414-01D1-4E8C-B784-C017FD405319}
	EndGlobalSection
EndGlobal
